// !$*UTF8*$!
{
	archiveVersion = 1;
	classes = {
	};
	objectVersion = 46;
	objects = {

/* Begin PBXBuildFile section */
		1A0ADC3F1A72726300F5F52F /* Turn.swift in Sources */ = {isa = PBXBuildFile; fileRef = 1A0ADC3E1A72726300F5F52F /* Turn.swift */; };
		1A0ADC411A7272B000F5F52F /* Menu.swift in Sources */ = {isa = PBXBuildFile; fileRef = 1A0ADC401A7272B000F5F52F /* Menu.swift */; };
		1A0ADC431A734AC300F5F52F /* Generator.swift in Sources */ = {isa = PBXBuildFile; fileRef = 1A0ADC421A734AC300F5F52F /* Generator.swift */; };
		1A0ADC5B1A7999D600F5F52F /* Settings.swift in Sources */ = {isa = PBXBuildFile; fileRef = 1A0ADC5A1A7999D600F5F52F /* Settings.swift */; };
		1A0ADC5D1A79AE4F00F5F52F /* Touch.swift in Sources */ = {isa = PBXBuildFile; fileRef = 1A0ADC5C1A79AE4F00F5F52F /* Touch.swift */; };
		1A44DECC1A6813E100F4714B /* Sudoku.swift in Sources */ = {isa = PBXBuildFile; fileRef = 1A44DECB1A6813E100F4714B /* Sudoku.swift */; };
		1A848E961AD13FEF0066134D /* ⚡️.swift in Sources */ = {isa = PBXBuildFile; fileRef = 1A848E951AD13FEF0066134D /* ⚡️.swift */; };
		1A8814811AD1D1080009F60B /* OpenGLES.framework in Frameworks */ = {isa = PBXBuildFile; fileRef = 1A8814801AD1D1080009F60B /* OpenGLES.framework */; };
		1AF2792D1A67F17D0001FCEC /* AppDelegate.swift in Sources */ = {isa = PBXBuildFile; fileRef = 1AF2792C1A67F17D0001FCEC /* AppDelegate.swift */; };
		1AF2792F1A67F17D0001FCEC /* ViewController.swift in Sources */ = {isa = PBXBuildFile; fileRef = 1AF2792E1A67F17D0001FCEC /* ViewController.swift */; };
		1AF279321A67F17D0001FCEC /* Main.storyboard in Resources */ = {isa = PBXBuildFile; fileRef = 1AF279301A67F17D0001FCEC /* Main.storyboard */; };
		1AF279341A67F17D0001FCEC /* Images.xcassets in Resources */ = {isa = PBXBuildFile; fileRef = 1AF279331A67F17D0001FCEC /* Images.xcassets */; };
		1AF279371A67F17D0001FCEC /* LaunchScreen.xib in Resources */ = {isa = PBXBuildFile; fileRef = 1AF279351A67F17D0001FCEC /* LaunchScreen.xib */; };
		1AF279431A67F17D0001FCEC /* SudokuTests.swift in Sources */ = {isa = PBXBuildFile; fileRef = 1AF279421A67F17D0001FCEC /* SudokuTests.swift */; };
		1AF2794D1A6D5B990001FCEC /* Graphics.swift in Sources */ = {isa = PBXBuildFile; fileRef = 1AF2794C1A6D5B990001FCEC /* Graphics.swift */; };
/* End PBXBuildFile section */

/* Begin PBXContainerItemProxy section */
		1AF2793D1A67F17D0001FCEC /* PBXContainerItemProxy */ = {
			isa = PBXContainerItemProxy;
			containerPortal = 1AF2791F1A67F17D0001FCEC /* Project object */;
			proxyType = 1;
			remoteGlobalIDString = 1AF279261A67F17D0001FCEC;
			remoteInfo = Sudoku;
		};
/* End PBXContainerItemProxy section */

/* Begin PBXFileReference section */
		1A0ADC3E1A72726300F5F52F /* Turn.swift */ = {isa = PBXFileReference; fileEncoding = 4; lastKnownFileType = sourcecode.swift; path = Turn.swift; sourceTree = "<group>"; };
		1A0ADC401A7272B000F5F52F /* Menu.swift */ = {isa = PBXFileReference; fileEncoding = 4; lastKnownFileType = sourcecode.swift; path = Menu.swift; sourceTree = "<group>"; };
		1A0ADC421A734AC300F5F52F /* Generator.swift */ = {isa = PBXFileReference; fileEncoding = 4; lastKnownFileType = sourcecode.swift; path = Generator.swift; sourceTree = "<group>"; };
		1A0ADC5A1A7999D600F5F52F /* Settings.swift */ = {isa = PBXFileReference; fileEncoding = 4; lastKnownFileType = sourcecode.swift; path = Settings.swift; sourceTree = "<group>"; };
		1A0ADC5C1A79AE4F00F5F52F /* Touch.swift */ = {isa = PBXFileReference; fileEncoding = 4; lastKnownFileType = sourcecode.swift; path = Touch.swift; sourceTree = "<group>"; };
		1A44DECB1A6813E100F4714B /* Sudoku.swift */ = {isa = PBXFileReference; fileEncoding = 4; lastKnownFileType = sourcecode.swift; path = Sudoku.swift; sourceTree = "<group>"; };
		1A848E951AD13FEF0066134D /* ⚡️.swift */ = {isa = PBXFileReference; fileEncoding = 4; lastKnownFileType = sourcecode.swift; path = "⚡️.swift"; sourceTree = "<group>"; };
		1A8814801AD1D1080009F60B /* OpenGLES.framework */ = {isa = PBXFileReference; lastKnownFileType = wrapper.framework; name = OpenGLES.framework; path = System/Library/Frameworks/OpenGLES.framework; sourceTree = SDKROOT; };
		1AF279271A67F17D0001FCEC /* Sudoku.app */ = {isa = PBXFileReference; explicitFileType = wrapper.application; includeInIndex = 0; path = Sudoku.app; sourceTree = BUILT_PRODUCTS_DIR; };
		1AF2792B1A67F17D0001FCEC /* Info.plist */ = {isa = PBXFileReference; lastKnownFileType = text.plist.xml; path = Info.plist; sourceTree = "<group>"; };
		1AF2792C1A67F17D0001FCEC /* AppDelegate.swift */ = {isa = PBXFileReference; lastKnownFileType = sourcecode.swift; path = AppDelegate.swift; sourceTree = "<group>"; };
		1AF2792E1A67F17D0001FCEC /* ViewController.swift */ = {isa = PBXFileReference; lastKnownFileType = sourcecode.swift; path = ViewController.swift; sourceTree = "<group>"; };
		1AF279311A67F17D0001FCEC /* Base */ = {isa = PBXFileReference; lastKnownFileType = file.storyboard; name = Base; path = Base.lproj/Main.storyboard; sourceTree = "<group>"; };
		1AF279331A67F17D0001FCEC /* Images.xcassets */ = {isa = PBXFileReference; lastKnownFileType = folder.assetcatalog; path = Images.xcassets; sourceTree = "<group>"; };
		1AF279361A67F17D0001FCEC /* Base */ = {isa = PBXFileReference; lastKnownFileType = file.xib; name = Base; path = Base.lproj/LaunchScreen.xib; sourceTree = "<group>"; };
		1AF2793C1A67F17D0001FCEC /* SudokuTests.xctest */ = {isa = PBXFileReference; explicitFileType = wrapper.cfbundle; includeInIndex = 0; path = SudokuTests.xctest; sourceTree = BUILT_PRODUCTS_DIR; };
		1AF279411A67F17D0001FCEC /* Info.plist */ = {isa = PBXFileReference; lastKnownFileType = text.plist.xml; path = Info.plist; sourceTree = "<group>"; };
		1AF279421A67F17D0001FCEC /* SudokuTests.swift */ = {isa = PBXFileReference; lastKnownFileType = sourcecode.swift; path = SudokuTests.swift; sourceTree = "<group>"; };
		1AF2794C1A6D5B990001FCEC /* Graphics.swift */ = {isa = PBXFileReference; fileEncoding = 4; lastKnownFileType = sourcecode.swift; path = Graphics.swift; sourceTree = "<group>"; };
/* End PBXFileReference section */

/* Begin PBXFrameworksBuildPhase section */
		1AF279241A67F17D0001FCEC /* Frameworks */ = {
			isa = PBXFrameworksBuildPhase;
			buildActionMask = 2147483647;
			files = (
				1A8814811AD1D1080009F60B /* OpenGLES.framework in Frameworks */,
			);
			runOnlyForDeploymentPostprocessing = 0;
		};
		1AF279391A67F17D0001FCEC /* Frameworks */ = {
			isa = PBXFrameworksBuildPhase;
			buildActionMask = 2147483647;
			files = (
			);
			runOnlyForDeploymentPostprocessing = 0;
		};
/* End PBXFrameworksBuildPhase section */

/* Begin PBXGroup section */
		1A848E921AD0A3010066134D /* Game */ = {
			isa = PBXGroup;
			children = (
				1A44DECB1A6813E100F4714B /* Sudoku.swift */,
				1A0ADC5C1A79AE4F00F5F52F /* Touch.swift */,
				1A0ADC3E1A72726300F5F52F /* Turn.swift */,
				1A0ADC401A7272B000F5F52F /* Menu.swift */,
			);
			name = Game;
			sourceTree = "<group>";
		};
		1AF2791E1A67F17D0001FCEC = {
			isa = PBXGroup;
			children = (
				1A8814801AD1D1080009F60B /* OpenGLES.framework */,
				1AF279291A67F17D0001FCEC /* Sudoku */,
				1AF2793F1A67F17D0001FCEC /* SudokuTests */,
				1AF279281A67F17D0001FCEC /* Products */,
			);
			sourceTree = "<group>";
		};
		1AF279281A67F17D0001FCEC /* Products */ = {
			isa = PBXGroup;
			children = (
				1AF279271A67F17D0001FCEC /* Sudoku.app */,
				1AF2793C1A67F17D0001FCEC /* SudokuTests.xctest */,
			);
			name = Products;
			sourceTree = "<group>";
		};
		1AF279291A67F17D0001FCEC /* Sudoku */ = {
			isa = PBXGroup;
			children = (
				1AF2792C1A67F17D0001FCEC /* AppDelegate.swift */,
				1AF2792E1A67F17D0001FCEC /* ViewController.swift */,
				1A848E921AD0A3010066134D /* Game */,
				1AF2794C1A6D5B990001FCEC /* Graphics.swift */,
				1A848E951AD13FEF0066134D /* ⚡️.swift */,
				1A0ADC421A734AC300F5F52F /* Generator.swift */,
				1A0ADC5A1A7999D600F5F52F /* Settings.swift */,
				1AF279301A67F17D0001FCEC /* Main.storyboard */,
				1AF279331A67F17D0001FCEC /* Images.xcassets */,
				1AF279351A67F17D0001FCEC /* LaunchScreen.xib */,
				1AF2792A1A67F17D0001FCEC /* Supporting Files */,
			);
			path = Sudoku;
			sourceTree = "<group>";
		};
		1AF2792A1A67F17D0001FCEC /* Supporting Files */ = {
			isa = PBXGroup;
			children = (
				1AF2792B1A67F17D0001FCEC /* Info.plist */,
			);
			name = "Supporting Files";
			sourceTree = "<group>";
		};
		1AF2793F1A67F17D0001FCEC /* SudokuTests */ = {
			isa = PBXGroup;
			children = (
				1AF279421A67F17D0001FCEC /* SudokuTests.swift */,
				1AF279401A67F17D0001FCEC /* Supporting Files */,
			);
			path = SudokuTests;
			sourceTree = "<group>";
		};
		1AF279401A67F17D0001FCEC /* Supporting Files */ = {
			isa = PBXGroup;
			children = (
				1AF279411A67F17D0001FCEC /* Info.plist */,
			);
			name = "Supporting Files";
			sourceTree = "<group>";
		};
/* End PBXGroup section */

/* Begin PBXNativeTarget section */
		1AF279261A67F17D0001FCEC /* Sudoku */ = {
			isa = PBXNativeTarget;
			buildConfigurationList = 1AF279461A67F17D0001FCEC /* Build configuration list for PBXNativeTarget "Sudoku" */;
			buildPhases = (
				1AF279231A67F17D0001FCEC /* Sources */,
				1AF279241A67F17D0001FCEC /* Frameworks */,
				1AF279251A67F17D0001FCEC /* Resources */,
			);
			buildRules = (
			);
			dependencies = (
			);
			name = Sudoku;
			productName = Sudoku;
			productReference = 1AF279271A67F17D0001FCEC /* Sudoku.app */;
			productType = "com.apple.product-type.application";
		};
		1AF2793B1A67F17D0001FCEC /* SudokuTests */ = {
			isa = PBXNativeTarget;
			buildConfigurationList = 1AF279491A67F17D0001FCEC /* Build configuration list for PBXNativeTarget "SudokuTests" */;
			buildPhases = (
				1AF279381A67F17D0001FCEC /* Sources */,
				1AF279391A67F17D0001FCEC /* Frameworks */,
				1AF2793A1A67F17D0001FCEC /* Resources */,
			);
			buildRules = (
			);
			dependencies = (
				1AF2793E1A67F17D0001FCEC /* PBXTargetDependency */,
			);
			name = SudokuTests;
			productName = SudokuTests;
			productReference = 1AF2793C1A67F17D0001FCEC /* SudokuTests.xctest */;
			productType = "com.apple.product-type.bundle.unit-test";
		};
/* End PBXNativeTarget section */

/* Begin PBXProject section */
		1AF2791F1A67F17D0001FCEC /* Project object */ = {
			isa = PBXProject;
			attributes = {
				LastSwiftMigration = 0710;
				LastSwiftUpdateCheck = 0710;
				LastUpgradeCheck = 0610;
				ORGANIZATIONNAME = "Dmitry Kozlov";
				TargetAttributes = {
					1AF279261A67F17D0001FCEC = {
						CreatedOnToolsVersion = 6.1.1;
					};
					1AF2793B1A67F17D0001FCEC = {
						CreatedOnToolsVersion = 6.1.1;
						TestTargetID = 1AF279261A67F17D0001FCEC;
					};
				};
			};
			buildConfigurationList = 1AF279221A67F17D0001FCEC /* Build configuration list for PBXProject "Sudoku" */;
			compatibilityVersion = "Xcode 3.2";
			developmentRegion = English;
			hasScannedForEncodings = 0;
			knownRegions = (
				en,
				Base,
			);
			mainGroup = 1AF2791E1A67F17D0001FCEC;
			productRefGroup = 1AF279281A67F17D0001FCEC /* Products */;
			projectDirPath = "";
			projectRoot = "";
			targets = (
				1AF279261A67F17D0001FCEC /* Sudoku */,
				1AF2793B1A67F17D0001FCEC /* SudokuTests */,
			);
		};
/* End PBXProject section */

/* Begin PBXResourcesBuildPhase section */
		1AF279251A67F17D0001FCEC /* Resources */ = {
			isa = PBXResourcesBuildPhase;
			buildActionMask = 2147483647;
			files = (
				1AF279321A67F17D0001FCEC /* Main.storyboard in Resources */,
				1AF279371A67F17D0001FCEC /* LaunchScreen.xib in Resources */,
				1AF279341A67F17D0001FCEC /* Images.xcassets in Resources */,
			);
			runOnlyForDeploymentPostprocessing = 0;
		};
		1AF2793A1A67F17D0001FCEC /* Resources */ = {
			isa = PBXResourcesBuildPhase;
			buildActionMask = 2147483647;
			files = (
			);
			runOnlyForDeploymentPostprocessing = 0;
		};
/* End PBXResourcesBuildPhase section */

/* Begin PBXSourcesBuildPhase section */
		1AF279231A67F17D0001FCEC /* Sources */ = {
			isa = PBXSourcesBuildPhase;
			buildActionMask = 2147483647;
			files = (
				1A0ADC411A7272B000F5F52F /* Menu.swift in Sources */,
				1A0ADC3F1A72726300F5F52F /* Turn.swift in Sources */,
				1A0ADC5B1A7999D600F5F52F /* Settings.swift in Sources */,
				1AF2792F1A67F17D0001FCEC /* ViewController.swift in Sources */,
				1A44DECC1A6813E100F4714B /* Sudoku.swift in Sources */,
				1A0ADC431A734AC300F5F52F /* Generator.swift in Sources */,
				1A0ADC5D1A79AE4F00F5F52F /* Touch.swift in Sources */,
				1AF2794D1A6D5B990001FCEC /* Graphics.swift in Sources */,
				1AF2792D1A67F17D0001FCEC /* AppDelegate.swift in Sources */,
				1A848E961AD13FEF0066134D /* ⚡️.swift in Sources */,
			);
			runOnlyForDeploymentPostprocessing = 0;
		};
		1AF279381A67F17D0001FCEC /* Sources */ = {
			isa = PBXSourcesBuildPhase;
			buildActionMask = 2147483647;
			files = (
				1AF279431A67F17D0001FCEC /* SudokuTests.swift in Sources */,
			);
			runOnlyForDeploymentPostprocessing = 0;
		};
/* End PBXSourcesBuildPhase section */

/* Begin PBXTargetDependency section */
		1AF2793E1A67F17D0001FCEC /* PBXTargetDependency */ = {
			isa = PBXTargetDependency;
			target = 1AF279261A67F17D0001FCEC /* Sudoku */;
			targetProxy = 1AF2793D1A67F17D0001FCEC /* PBXContainerItemProxy */;
		};
/* End PBXTargetDependency section */

/* Begin PBXVariantGroup section */
		1AF279301A67F17D0001FCEC /* Main.storyboard */ = {
			isa = PBXVariantGroup;
			children = (
				1AF279311A67F17D0001FCEC /* Base */,
			);
			name = Main.storyboard;
			sourceTree = "<group>";
		};
		1AF279351A67F17D0001FCEC /* LaunchScreen.xib */ = {
			isa = PBXVariantGroup;
			children = (
				1AF279361A67F17D0001FCEC /* Base */,
			);
			name = LaunchScreen.xib;
			sourceTree = "<group>";
		};
/* End PBXVariantGroup section */

/* Begin XCBuildConfiguration section */
		1AF279441A67F17D0001FCEC /* Debug */ = {
			isa = XCBuildConfiguration;
			buildSettings = {
				ALWAYS_SEARCH_USER_PATHS = NO;
				CLANG_CXX_LANGUAGE_STANDARD = "gnu++0x";
				CLANG_CXX_LIBRARY = "libc++";
				CLANG_ENABLE_MODULES = YES;
				CLANG_ENABLE_OBJC_ARC = YES;
				CLANG_WARN_BOOL_CONVERSION = YES;
				CLANG_WARN_CONSTANT_CONVERSION = YES;
				CLANG_WARN_DIRECT_OBJC_ISA_USAGE = YES_ERROR;
				CLANG_WARN_EMPTY_BODY = YES;
				CLANG_WARN_ENUM_CONVERSION = YES;
				CLANG_WARN_INT_CONVERSION = YES;
				CLANG_WARN_OBJC_ROOT_CLASS = YES_ERROR;
				CLANG_WARN_UNREACHABLE_CODE = YES;
				CLANG_WARN__DUPLICATE_METHOD_MATCH = YES;
				"CODE_SIGN_IDENTITY[sdk=iphoneos*]" = "iPhone Developer";
				COPY_PHASE_STRIP = NO;
				ENABLE_STRICT_OBJC_MSGSEND = YES;
				GCC_C_LANGUAGE_STANDARD = gnu99;
				GCC_DYNAMIC_NO_PIC = NO;
				GCC_OPTIMIZATION_LEVEL = 0;
				GCC_PREPROCESSOR_DEFINITIONS = (
					"DEBUG=1",
					"$(inherited)",
				);
				GCC_SYMBOLS_PRIVATE_EXTERN = NO;
				GCC_WARN_64_TO_32_BIT_CONVERSION = YES;
				GCC_WARN_ABOUT_RETURN_TYPE = YES_ERROR;
				GCC_WARN_UNDECLARED_SELECTOR = YES;
				GCC_WARN_UNINITIALIZED_AUTOS = YES_AGGRESSIVE;
				GCC_WARN_UNUSED_FUNCTION = YES;
				GCC_WARN_UNUSED_VARIABLE = YES;
				IPHONEOS_DEPLOYMENT_TARGET = 8.1;
				MTL_ENABLE_DEBUG_INFO = YES;
				ONLY_ACTIVE_ARCH = YES;
				SDKROOT = iphoneos;
				SWIFT_OPTIMIZATION_LEVEL = "-Onone";
				TARGETED_DEVICE_FAMILY = "1,2";
			};
			name = Debug;
		};
		1AF279451A67F17D0001FCEC /* Release */ = {
			isa = XCBuildConfiguration;
			buildSettings = {
				ALWAYS_SEARCH_USER_PATHS = NO;
				CLANG_CXX_LANGUAGE_STANDARD = "gnu++0x";
				CLANG_CXX_LIBRARY = "libc++";
				CLANG_ENABLE_MODULES = YES;
				CLANG_ENABLE_OBJC_ARC = YES;
				CLANG_WARN_BOOL_CONVERSION = YES;
				CLANG_WARN_CONSTANT_CONVERSION = YES;
				CLANG_WARN_DIRECT_OBJC_ISA_USAGE = YES_ERROR;
				CLANG_WARN_EMPTY_BODY = YES;
				CLANG_WARN_ENUM_CONVERSION = YES;
				CLANG_WARN_INT_CONVERSION = YES;
				CLANG_WARN_OBJC_ROOT_CLASS = YES_ERROR;
				CLANG_WARN_UNREACHABLE_CODE = YES;
				CLANG_WARN__DUPLICATE_METHOD_MATCH = YES;
				"CODE_SIGN_IDENTITY[sdk=iphoneos*]" = "iPhone Developer";
				COPY_PHASE_STRIP = YES;
				ENABLE_NS_ASSERTIONS = NO;
				ENABLE_STRICT_OBJC_MSGSEND = YES;
				GCC_C_LANGUAGE_STANDARD = gnu99;
				GCC_WARN_64_TO_32_BIT_CONVERSION = YES;
				GCC_WARN_ABOUT_RETURN_TYPE = YES_ERROR;
				GCC_WARN_UNDECLARED_SELECTOR = YES;
				GCC_WARN_UNINITIALIZED_AUTOS = YES_AGGRESSIVE;
				GCC_WARN_UNUSED_FUNCTION = YES;
				GCC_WARN_UNUSED_VARIABLE = YES;
				IPHONEOS_DEPLOYMENT_TARGET = 8.1;
				MTL_ENABLE_DEBUG_INFO = NO;
				SDKROOT = iphoneos;
				TARGETED_DEVICE_FAMILY = "1,2";
				VALIDATE_PRODUCT = YES;
			};
			name = Release;
		};
		1AF279471A67F17D0001FCEC /* Debug */ = {
			isa = XCBuildConfiguration;
			buildSettings = {
				ASSETCATALOG_COMPILER_APPICON_NAME = AppIcon;
				CLANG_ENABLE_MODULES = YES;
				INFOPLIST_FILE = Sudoku/Info.plist;
				IPHONEOS_DEPLOYMENT_TARGET = 8.0;
				LD_RUNPATH_SEARCH_PATHS = "$(inherited) @executable_path/Frameworks";
				PRODUCT_NAME = "$(TARGET_NAME)";
				SWIFT_OPTIMIZATION_LEVEL = "-Onone";
			};
			name = Debug;
		};
		1AF279481A67F17D0001FCEC /* Release */ = {
			isa = XCBuildConfiguration;
			buildSettings = {
				ASSETCATALOG_COMPILER_APPICON_NAME = AppIcon;
				CLANG_ENABLE_MODULES = YES;
				INFOPLIST_FILE = Sudoku/Info.plist;
				IPHONEOS_DEPLOYMENT_TARGET = 8.0;
				LD_RUNPATH_SEARCH_PATHS = "$(inherited) @executable_path/Frameworks";
				PRODUCT_NAME = "$(TARGET_NAME)";
			};
			name = Release;
		};
		1AF2794A1A67F17D0001FCEC /* Debug */ = {
			isa = XCBuildConfiguration;
			buildSettings = {
				BUNDLE_LOADER = "$(TEST_HOST)";
				FRAMEWORK_SEARCH_PATHS = (
					"$(SDKROOT)/Developer/Library/Frameworks",
					"$(inherited)",
				);
				GCC_PREPROCESSOR_DEFINITIONS = (
					"DEBUG=1",
					"$(inherited)",
				);
				INFOPLIST_FILE = SudokuTests/Info.plist;
				LD_RUNPATH_SEARCH_PATHS = "$(inherited) @executable_path/Frameworks @loader_path/Frameworks";
				PRODUCT_NAME = "$(TARGET_NAME)";
				TEST_HOST = "$(BUILT_PRODUCTS_DIR)/Sudoku.app/Sudoku";
			};
			name = Debug;
		};
		1AF2794B1A67F17D0001FCEC /* Release */ = {
			isa = XCBuildConfiguration;
			buildSettings = {
				BUNDLE_LOADER = "$(TEST_HOST)";
				FRAMEWORK_SEARCH_PATHS = (
					"$(SDKROOT)/Developer/Library/Frameworks",
					"$(inherited)",
				);
				INFOPLIST_FILE = SudokuTests/Info.plist;
				LD_RUNPATH_SEARCH_PATHS = "$(inherited) @executable_path/Frameworks @loader_path/Frameworks";
				PRODUCT_NAME = "$(TARGET_NAME)";
				TEST_HOST = "$(BUILT_PRODUCTS_DIR)/Sudoku.app/Sudoku";
			};
			name = Release;
		};
/* End XCBuildConfiguration section */

/* Begin XCConfigurationList section */
		1AF279221A67F17D0001FCEC /* Build configuration list for PBXProject "Sudoku" */ = {
			isa = XCConfigurationList;
			buildConfigurations = (
				1AF279441A67F17D0001FCEC /* Debug */,
				1AF279451A67F17D0001FCEC /* Release */,
			);
			defaultConfigurationIsVisible = 0;
			defaultConfigurationName = Release;
		};
		1AF279461A67F17D0001FCEC /* Build configuration list for PBXNativeTarget "Sudoku" */ = {
			isa = XCConfigurationList;
			buildConfigurations = (
				1AF279471A67F17D0001FCEC /* Debug */,
				1AF279481A67F17D0001FCEC /* Release */,
			);
			defaultConfigurationIsVisible = 0;
			defaultConfigurationName = Release;
		};
		1AF279491A67F17D0001FCEC /* Build configuration list for PBXNativeTarget "SudokuTests" */ = {
			isa = XCConfigurationList;
			buildConfigurations = (
				1AF2794A1A67F17D0001FCEC /* Debug */,
				1AF2794B1A67F17D0001FCEC /* Release */,
			);
			defaultConfigurationIsVisible = 0;
			defaultConfigurationName = Release;
		};
/* End XCConfigurationList section */
	};
	rootObject = 1AF2791F1A67F17D0001FCEC /* Project object */;
}
